// !$*UTF8*$!
{
	archiveVersion = 1;
	classes = {
	};
	objectVersion = 55;
	objects = {

/* Begin PBXBuildFile section */
		04F7D2B42B40112900973E5B /* AppDelegate.swift in Sources */ = {isa = PBXBuildFile; fileRef = 04F7D2B32B40112900973E5B /* AppDelegate.swift */; };
		04F7D2B62B40112900973E5B /* SceneDelegate.swift in Sources */ = {isa = PBXBuildFile; fileRef = 04F7D2B52B40112900973E5B /* SceneDelegate.swift */; };
		04F7D2B82B40112900973E5B /* ViewController.swift in Sources */ = {isa = PBXBuildFile; fileRef = 04F7D2B72B40112900973E5B /* ViewController.swift */; };
		04F7D2BB2B40112900973E5B /* Main.storyboard in Resources */ = {isa = PBXBuildFile; fileRef = 04F7D2B92B40112900973E5B /* Main.storyboard */; };
		04F7D2BD2B40112C00973E5B /* Assets.xcassets in Resources */ = {isa = PBXBuildFile; fileRef = 04F7D2BC2B40112C00973E5B /* Assets.xcassets */; };
		04F7D2C02B40112C00973E5B /* LaunchScreen.storyboard in Resources */ = {isa = PBXBuildFile; fileRef = 04F7D2BE2B40112C00973E5B /* LaunchScreen.storyboard */; };
		04F7D2C82B40117400973E5B /* Carts.swift in Sources */ = {isa = PBXBuildFile; fileRef = 04F7D2C72B40117400973E5B /* Carts.swift */; };
		04F7D2CB2B40120D00973E5B /* CartsCollectionViewCell.swift in Sources */ = {isa = PBXBuildFile; fileRef = 04F7D2C92B40120D00973E5B /* CartsCollectionViewCell.swift */; };
		04F7D2CC2B40120D00973E5B /* CartsCollectionViewCell.xib in Resources */ = {isa = PBXBuildFile; fileRef = 04F7D2CA2B40120D00973E5B /* CartsCollectionViewCell.xib */; };
		04F7D2CE2B4013D800973E5B /* CartsDetailViewController.swift in Sources */ = {isa = PBXBuildFile; fileRef = 04F7D2CD2B4013D800973E5B /* CartsDetailViewController.swift */; };
/* End PBXBuildFile section */

/* Begin PBXFileReference section */
		04F7D2B02B40112900973E5B /* WebServicesAssignmentCarts.app */ = {isa = PBXFileReference; explicitFileType = wrapper.application; includeInIndex = 0; path = WebServicesAssignmentCarts.app; sourceTree = BUILT_PRODUCTS_DIR; };
		04F7D2B32B40112900973E5B /* AppDelegate.swift */ = {isa = PBXFileReference; lastKnownFileType = sourcecode.swift; path = AppDelegate.swift; sourceTree = "<group>"; };
		04F7D2B52B40112900973E5B /* SceneDelegate.swift */ = {isa = PBXFileReference; lastKnownFileType = sourcecode.swift; path = SceneDelegate.swift; sourceTree = "<group>"; };
		04F7D2B72B40112900973E5B /* ViewController.swift */ = {isa = PBXFileReference; lastKnownFileType = sourcecode.swift; path = ViewController.swift; sourceTree = "<group>"; };
		04F7D2BA2B40112900973E5B /* Base */ = {isa = PBXFileReference; lastKnownFileType = file.storyboard; name = Base; path = Base.lproj/Main.storyboard; sourceTree = "<group>"; };
		04F7D2BC2B40112C00973E5B /* Assets.xcassets */ = {isa = PBXFileReference; lastKnownFileType = folder.assetcatalog; path = Assets.xcassets; sourceTree = "<group>"; };
		04F7D2BF2B40112C00973E5B /* Base */ = {isa = PBXFileReference; lastKnownFileType = file.storyboard; name = Base; path = Base.lproj/LaunchScreen.storyboard; sourceTree = "<group>"; };
		04F7D2C12B40112C00973E5B /* Info.plist */ = {isa = PBXFileReference; lastKnownFileType = text.plist.xml; path = Info.plist; sourceTree = "<group>"; };
		04F7D2C72B40117400973E5B /* Carts.swift */ = {isa = PBXFileReference; lastKnownFileType = sourcecode.swift; path = Carts.swift; sourceTree = "<group>"; };
		04F7D2C92B40120D00973E5B /* CartsCollectionViewCell.swift */ = {isa = PBXFileReference; lastKnownFileType = sourcecode.swift; path = CartsCollectionViewCell.swift; sourceTree = "<group>"; };
		04F7D2CA2B40120D00973E5B /* CartsCollectionViewCell.xib */ = {isa = PBXFileReference; lastKnownFileType = file.xib; path = CartsCollectionViewCell.xib; sourceTree = "<group>"; };
		04F7D2CD2B4013D800973E5B /* CartsDetailViewController.swift */ = {isa = PBXFileReference; lastKnownFileType = sourcecode.swift; path = CartsDetailViewController.swift; sourceTree = "<group>"; };
/* End PBXFileReference section */

/* Begin PBXFrameworksBuildPhase section */
		04F7D2AD2B40112900973E5B /* Frameworks */ = {
			isa = PBXFrameworksBuildPhase;
			buildActionMask = 2147483647;
			files = (
			);
			runOnlyForDeploymentPostprocessing = 0;
		};
/* End PBXFrameworksBuildPhase section */

/* Begin PBXGroup section */
		04F7D2A72B40112900973E5B = {
			isa = PBXGroup;
			children = (
				04F7D2B22B40112900973E5B /* WebServicesAssignmentCarts */,
				04F7D2B12B40112900973E5B /* Products */,
			);
			sourceTree = "<group>";
		};
		04F7D2B12B40112900973E5B /* Products */ = {
			isa = PBXGroup;
			children = (
				04F7D2B02B40112900973E5B /* WebServicesAssignmentCarts.app */,
			);
			name = Products;
			sourceTree = "<group>";
		};
		04F7D2B22B40112900973E5B /* WebServicesAssignmentCarts */ = {
			isa = PBXGroup;
			children = (
				04F7D2B32B40112900973E5B /* AppDelegate.swift */,
				04F7D2B52B40112900973E5B /* SceneDelegate.swift */,
				04F7D2B72B40112900973E5B /* ViewController.swift */,
				04F7D2CD2B4013D800973E5B /* CartsDetailViewController.swift */,
				04F7D2B92B40112900973E5B /* Main.storyboard */,
				04F7D2BC2B40112C00973E5B /* Assets.xcassets */,
				04F7D2BE2B40112C00973E5B /* LaunchScreen.storyboard */,
				04F7D2C12B40112C00973E5B /* Info.plist */,
				04F7D2C72B40117400973E5B /* Carts.swift */,
				04F7D2C92B40120D00973E5B /* CartsCollectionViewCell.swift */,
				04F7D2CA2B40120D00973E5B /* CartsCollectionViewCell.xib */,
			);
			path = WebServicesAssignmentCarts;
			sourceTree = "<group>";
		};
/* End PBXGroup section */

/* Begin PBXNativeTarget section */
		04F7D2AF2B40112900973E5B /* WebServicesAssignmentCarts */ = {
			isa = PBXNativeTarget;
			buildConfigurationList = 04F7D2C42B40112C00973E5B /* Build configuration list for PBXNativeTarget "WebServicesAssignmentCarts" */;
			buildPhases = (
				04F7D2AC2B40112900973E5B /* Sources */,
				04F7D2AD2B40112900973E5B /* Frameworks */,
				04F7D2AE2B40112900973E5B /* Resources */,
			);
			buildRules = (
			);
			dependencies = (
			);
			name = WebServicesAssignmentCarts;
			productName = WebServicesAssignmentCarts;
			productReference = 04F7D2B02B40112900973E5B /* WebServicesAssignmentCarts.app */;
			productType = "com.apple.product-type.application";
		};
/* End PBXNativeTarget section */

/* Begin PBXProject section */
		04F7D2A82B40112900973E5B /* Project object */ = {
			isa = PBXProject;
			attributes = {
				BuildIndependentTargetsInParallel = 1;
				LastSwiftUpdateCheck = 1340;
				LastUpgradeCheck = 1340;
				TargetAttributes = {
					04F7D2AF2B40112900973E5B = {
						CreatedOnToolsVersion = 13.4.1;
					};
				};
			};
			buildConfigurationList = 04F7D2AB2B40112900973E5B /* Build configuration list for PBXProject "WebServicesAssignmentCarts" */;
			compatibilityVersion = "Xcode 13.0";
			developmentRegion = en;
			hasScannedForEncodings = 0;
			knownRegions = (
				en,
				Base,
			);
			mainGroup = 04F7D2A72B40112900973E5B;
			productRefGroup = 04F7D2B12B40112900973E5B /* Products */;
			projectDirPath = "";
			projectRoot = "";
			targets = (
				04F7D2AF2B40112900973E5B /* WebServicesAssignmentCarts */,
			);
		};
/* End PBXProject section */

/* Begin PBXResourcesBuildPhase section */
		04F7D2AE2B40112900973E5B /* Resources */ = {
			isa = PBXResourcesBuildPhase;
			buildActionMask = 2147483647;
			files = (
				04F7D2CC2B40120D00973E5B /* CartsCollectionViewCell.xib in Resources */,
				04F7D2C02B40112C00973E5B /* LaunchScreen.storyboard in Resources */,
				04F7D2BD2B40112C00973E5B /* Assets.xcassets in Resources */,
				04F7D2BB2B40112900973E5B /* Main.storyboard in Resources */,
			);
			runOnlyForDeploymentPostprocessing = 0;
		};
/* End PBXResourcesBuildPhase section */

/* Begin PBXSourcesBuildPhase section */
		04F7D2AC2B40112900973E5B /* Sources */ = {
			isa = PBXSourcesBuildPhase;
			buildActionMask = 2147483647;
			files = (
				04F7D2B82B40112900973E5B /* ViewController.swift in Sources */,
				04F7D2CE2B4013D800973E5B /* CartsDetailViewController.swift in Sources */,
				04F7D2CB2B40120D00973E5B /* CartsCollectionViewCell.swift in Sources */,
				04F7D2B42B40112900973E5B /* AppDelegate.swift in Sources */,
				04F7D2B62B40112900973E5B /* SceneDelegate.swift in Sources */,
				04F7D2C82B40117400973E5B /* Carts.swift in Sources */,
			);
			runOnlyForDeploymentPostprocessing = 0;
		};
/* End PBXSourcesBuildPhase section */

/* Begin PBXVariantGroup section */
		04F7D2B92B40112900973E5B /* Main.storyboard */ = {
			isa = PBXVariantGroup;
			children = (
				04F7D2BA2B40112900973E5B /* Base */,
			);
			name = Main.storyboard;
			sourceTree = "<group>";
		};
		04F7D2BE2B40112C00973E5B /* LaunchScreen.storyboard */ = {
			isa = PBXVariantGroup;
			children = (
				04F7D2BF2B40112C00973E5B /* Base */,
			);
			name = LaunchScreen.storyboard;
			sourceTree = "<group>";
		};
/* End PBXVariantGroup section */

/* Begin XCBuildConfiguration section */
		04F7D2C22B40112C00973E5B /* Debug */ = {
			isa = XCBuildConfiguration;
			buildSettings = {
				ALWAYS_SEARCH_USER_PATHS = NO;
				CLANG_ANALYZER_NONNULL = YES;
				CLANG_ANALYZER_NUMBER_OBJECT_CONVERSION = YES_AGGRESSIVE;
				CLANG_CXX_LANGUAGE_STANDARD = "gnu++17";
				CLANG_ENABLE_MODULES = YES;
				CLANG_ENABLE_OBJC_ARC = YES;
				CLANG_ENABLE_OBJC_WEAK = YES;
				CLANG_WARN_BLOCK_CAPTURE_AUTORELEASING = YES;
				CLANG_WARN_BOOL_CONVERSION = YES;
				CLANG_WARN_COMMA = YES;
				CLANG_WARN_CONSTANT_CONVERSION = YES;
				CLANG_WARN_DEPRECATED_OBJC_IMPLEMENTATIONS = YES;
				CLANG_WARN_DIRECT_OBJC_ISA_USAGE = YES_ERROR;
				CLANG_WARN_DOCUMENTATION_COMMENTS = YES;
				CLANG_WARN_EMPTY_BODY = YES;
				CLANG_WARN_ENUM_CONVERSION = YES;
				CLANG_WARN_INFINITE_RECURSION = YES;
				CLANG_WARN_INT_CONVERSION = YES;
				CLANG_WARN_NON_LITERAL_NULL_CONVERSION = YES;
				CLANG_WARN_OBJC_IMPLICIT_RETAIN_SELF = YES;
				CLANG_WARN_OBJC_LITERAL_CONVERSION = YES;
				CLANG_WARN_OBJC_ROOT_CLASS = YES_ERROR;
				CLANG_WARN_QUOTED_INCLUDE_IN_FRAMEWORK_HEADER = YES;
				CLANG_WARN_RANGE_LOOP_ANALYSIS = YES;
				CLANG_WARN_STRICT_PROTOTYPES = YES;
				CLANG_WARN_SUSPICIOUS_MOVE = YES;
				CLANG_WARN_UNGUARDED_AVAILABILITY = YES_AGGRESSIVE;
				CLANG_WARN_UNREACHABLE_CODE = YES;
				CLANG_WARN__DUPLICATE_METHOD_MATCH = YES;
				COPY_PHASE_STRIP = NO;
				DEBUG_INFORMATION_FORMAT = dwarf;
				ENABLE_STRICT_OBJC_MSGSEND = YES;
				ENABLE_TESTABILITY = YES;
				GCC_C_LANGUAGE_STANDARD = gnu11;
				GCC_DYNAMIC_NO_PIC = NO;
				GCC_NO_COMMON_BLOCKS = YES;
				GCC_OPTIMIZATION_LEVEL = 0;
				GCC_PREPROCESSOR_DEFINITIONS = (
					"DEBUG=1",
					"$(inherited)",
				);
				GCC_WARN_64_TO_32_BIT_CONVERSION = YES;
				GCC_WARN_ABOUT_RETURN_TYPE = YES_ERROR;
				GCC_WARN_UNDECLARED_SELECTOR = YES;
				GCC_WARN_UNINITIALIZED_AUTOS = YES_AGGRESSIVE;
				GCC_WARN_UNUSED_FUNCTION = YES;
				GCC_WARN_UNUSED_VARIABLE = YES;
				IPHONEOS_DEPLOYMENT_TARGET = 15.5;
				MTL_ENABLE_DEBUG_INFO = INCLUDE_SOURCE;
				MTL_FAST_MATH = YES;
				ONLY_ACTIVE_ARCH = YES;
				SDKROOT = iphoneos;
				SWIFT_ACTIVE_COMPILATION_CONDITIONS = DEBUG;
				SWIFT_OPTIMIZATION_LEVEL = "-Onone";
			};
			name = Debug;
		};
		04F7D2C32B40112C00973E5B /* Release */ = {
			isa = XCBuildConfiguration;
			buildSettings = {
				ALWAYS_SEARCH_USER_PATHS = NO;
				CLANG_ANALYZER_NONNULL = YES;
				CLANG_ANALYZER_NUMBER_OBJECT_CONVERSION = YES_AGGRESSIVE;
				CLANG_CXX_LANGUAGE_STANDARD = "gnu++17";
				CLANG_ENABLE_MODULES = YES;
				CLANG_ENABLE_OBJC_ARC = YES;
				CLANG_ENABLE_OBJC_WEAK = YES;
				CLANG_WARN_BLOCK_CAPTURE_AUTORELEASING = YES;
				CLANG_WARN_BOOL_CONVERSION = YES;
				CLANG_WARN_COMMA = YES;
				CLANG_WARN_CONSTANT_CONVERSION = YES;
				CLANG_WARN_DEPRECATED_OBJC_IMPLEMENTATIONS = YES;
				CLANG_WARN_DIRECT_OBJC_ISA_USAGE = YES_ERROR;
				CLANG_WARN_DOCUMENTATION_COMMENTS = YES;
				CLANG_WARN_EMPTY_BODY = YES;
				CLANG_WARN_ENUM_CONVERSION = YES;
				CLANG_WARN_INFINITE_RECURSION = YES;
				CLANG_WARN_INT_CONVERSION = YES;
				CLANG_WARN_NON_LITERAL_NULL_CONVERSION = YES;
				CLANG_WARN_OBJC_IMPLICIT_RETAIN_SELF = YES;
				CLANG_WARN_OBJC_LITERAL_CONVERSION = YES;
				CLANG_WARN_OBJC_ROOT_CLASS = YES_ERROR;
				CLANG_WARN_QUOTED_INCLUDE_IN_FRAMEWORK_HEADER = YES;
				CLANG_WARN_RANGE_LOOP_ANALYSIS = YES;
				CLANG_WARN_STRICT_PROTOTYPES = YES;
				CLANG_WARN_SUSPICIOUS_MOVE = YES;
				CLANG_WARN_UNGUARDED_AVAILABILITY = YES_AGGRESSIVE;
				CLANG_WARN_UNREACHABLE_CODE = YES;
				CLANG_WARN__DUPLICATE_METHOD_MATCH = YES;
				COPY_PHASE_STRIP = NO;
				DEBUG_INFORMATION_FORMAT = "dwarf-with-dsym";
				ENABLE_NS_ASSERTIONS = NO;
				ENABLE_STRICT_OBJC_MSGSEND = YES;
				GCC_C_LANGUAGE_STANDARD = gnu11;
				GCC_NO_COMMON_BLOCKS = YES;
				GCC_WARN_64_TO_32_BIT_CONVERSION = YES;
				GCC_WARN_ABOUT_RETURN_TYPE = YES_ERROR;
				GCC_WARN_UNDECLARED_SELECTOR = YES;
				GCC_WARN_UNINITIALIZED_AUTOS = YES_AGGRESSIVE;
				GCC_WARN_UNUSED_FUNCTION = YES;
				GCC_WARN_UNUSED_VARIABLE = YES;
				IPHONEOS_DEPLOYMENT_TARGET = 15.5;
				MTL_ENABLE_DEBUG_INFO = NO;
				MTL_FAST_MATH = YES;
				SDKROOT = iphoneos;
				SWIFT_COMPILATION_MODE = wholemodule;
				SWIFT_OPTIMIZATION_LEVEL = "-O";
				VALIDATE_PRODUCT = YES;
			};
			name = Release;
		};
		04F7D2C52B40112C00973E5B /* Debug */ = {
			isa = XCBuildConfiguration;
			buildSettings = {
				ASSETCATALOG_COMPILER_APPICON_NAME = AppIcon;
				ASSETCATALOG_COMPILER_GLOBAL_ACCENT_COLOR_NAME = AccentColor;
				CODE_SIGN_STYLE = Automatic;
				CURRENT_PROJECT_VERSION = 1;
				GENERATE_INFOPLIST_FILE = YES;
				INFOPLIST_FILE = WebServicesAssignmentCarts/Info.plist;
				INFOPLIST_KEY_UIApplicationSupportsIndirectInputEvents = YES;
				INFOPLIST_KEY_UILaunchStoryboardName = LaunchScreen;
				INFOPLIST_KEY_UIMainStoryboardFile = Main;
				INFOPLIST_KEY_UISupportedInterfaceOrientations_iPad = "UIInterfaceOrientationPortrait UIInterfaceOrientationPortraitUpsideDown UIInterfaceOrientationLandscapeLeft UIInterfaceOrientationLandscapeRight";
				INFOPLIST_KEY_UISupportedInterfaceOrientations_iPhone = "UIInterfaceOrientationPortrait UIInterfaceOrientationLandscapeLeft UIInterfaceOrientationLandscapeRight";
				LD_RUNPATH_SEARCH_PATHS = (
					"$(inherited)",
					"@executable_path/Frameworks",
				);
				MARKETING_VERSION = 1.0;
				PRODUCT_BUNDLE_IDENTIFIER = in.bitcode.WebServicesAssignmentCarts;
				PRODUCT_NAME = "$(TARGET_NAME)";
				SWIFT_EMIT_LOC_STRINGS = YES;
				SWIFT_VERSION = 5.0;
				TARGETED_DEVICE_FAMILY = "1,2";
			};
			name = Debug;
		};
		04F7D2C62B40112C00973E5B /* Release */ = {
			isa = XCBuildConfiguration;
			buildSettings = {
				ASSETCATALOG_COMPILER_APPICON_NAME = AppIcon;
				ASSETCATALOG_COMPILER_GLOBAL_ACCENT_COLOR_NAME = AccentColor;
				CODE_SIGN_STYLE = Automatic;
				CURRENT_PROJECT_VERSION = 1;
				GENERATE_INFOPLIST_FILE = YES;
				INFOPLIST_FILE = WebServicesAssignmentCarts/Info.plist;
				INFOPLIST_KEY_UIApplicationSupportsIndirectInputEvents = YES;
				INFOPLIST_KEY_UILaunchStoryboardName = LaunchScreen;
				INFOPLIST_KEY_UIMainStoryboardFile = Main;
				INFOPLIST_KEY_UISupportedInterfaceOrientations_iPad = "UIInterfaceOrientationPortrait UIInterfaceOrientationPortraitUpsideDown UIInterfaceOrientationLandscapeLeft UIInterfaceOrientationLandscapeRight";
				INFOPLIST_KEY_UISupportedInterfaceOrientations_iPhone = "UIInterfaceOrientationPortrait UIInterfaceOrientationLandscapeLeft UIInterfaceOrientationLandscapeRight";
				LD_RUNPATH_SEARCH_PATHS = (
					"$(inherited)",
					"@executable_path/Frameworks",
				);
				MARKETING_VERSION = 1.0;
				PRODUCT_BUNDLE_IDENTIFIER = in.bitcode.WebServicesAssignmentCarts;
				PRODUCT_NAME = "$(TARGET_NAME)";
				SWIFT_EMIT_LOC_STRINGS = YES;
				SWIFT_VERSION = 5.0;
				TARGETED_DEVICE_FAMILY = "1,2";
			};
			name = Release;
		};
/* End XCBuildConfiguration section */

/* Begin XCConfigurationList section */
		04F7D2AB2B40112900973E5B /* Build configuration list for PBXProject "WebServicesAssignmentCarts" */ = {
			isa = XCConfigurationList;
			buildConfigurations = (
				04F7D2C22B40112C00973E5B /* Debug */,
				04F7D2C32B40112C00973E5B /* Release */,
			);
			defaultConfigurationIsVisible = 0;
			defaultConfigurationName = Release;
		};
		04F7D2C42B40112C00973E5B /* Build configuration list for PBXNativeTarget "WebServicesAssignmentCarts" */ = {
			isa = XCConfigurationList;
			buildConfigurations = (
				04F7D2C52B40112C00973E5B /* Debug */,
				04F7D2C62B40112C00973E5B /* Release */,
			);
			defaultConfigurationIsVisible = 0;
			defaultConfigurationName = Release;
		};
/* End XCConfigurationList section */
	};
	rootObject = 04F7D2A82B40112900973E5B /* Project object */;
}
